
Microsoft Visual Studio Solution File, Format Version 12.00
# Visual Studio Version 16
VisualStudioVersion = 16.0.31205.134
MinimumVisualStudioVersion = 10.0.40219.1
Project("{9A19103F-16F7-4668-BE54-9A1E7A4F7556}") = "Ems_System", "Ems_System.csproj", "{B8E619BE-09CE-4A2D-99F6-8F491773DC45}"
EndProject
Global
	GlobalSection(SolutionConfigurationPlatforms) = preSolution
		Debug|Any CPU = Debug|Any CPU
		Release|Any CPU = Release|Any CPU
	EndGlobalSection
	GlobalSection(ProjectConfigurationPlatforms) = postSolution
		{B8E619BE-09CE-4A2D-99F6-8F491773DC45}.Debug|Any CPU.ActiveCfg = Debug|Any CPU
		{B8E619BE-09CE-4A2D-99F6-8F491773DC45}.Debug|Any CPU.Build.0 = Debug|Any CPU
		{B8E619BE-09CE-4A2D-99F6-8F491773DC45}.Release|Any CPU.ActiveCfg = Release|Any CPU
		{B8E619BE-09CE-4A2D-99F6-8F491773DC45}.Release|Any CPU.Build.0 = Release|Any CPU
	EndGlobalSection
	GlobalSection(SolutionProperties) = preSolution
		HideSolutionNode = FALSE
	EndGlobalSection
	GlobalSection(ExtensibilityGlobals) = postSolution
		SolutionGuid = {C4B3B388-65DA-4120-8425-D8A3F80CF3E2}
	EndGlobalSection
EndGlobal
